schema: '2.0'
stages:
  build_features:
    cmd: python ./src/features/build_features.py
    deps:
    - path: ./data/raw/
      hash: md5
      md5: 775bd993f722629b752d2bdee167a7a2.dir
      size: 271383386
      nfiles: 3
    - path: ./src/features/build_features.py
      hash: md5
      md5: 11d59f571e6b5f59f9d303a55a08b781
      size: 985
  train_model:
    cmd: python ./src/models/train_model.py
    deps:
    - path: ./data/processed/
      hash: md5
      md5: ab7b4b3043e357e2c7433da97c667fc0.dir
      size: 333209835
      nfiles: 3
    - path: ./src/models/train_model.py
      hash: md5
      md5: a395afd052adb3b3d364569f257f224d
      size: 1014
    params:
      params.yaml:
        train_model.max_depth: 8
        train_model.n_estimators: 50
        train_model.seed: 21
